PODS:
  - BSImagePicker (3.1.1)
  - MBProgressHUD (1.2.0)

DEPENDENCIES:
  - BSImagePicker (~> 3.1)
  - MBProgressHUD (~> 1.2.0)

SPEC REPOS:
  trunk:
    - BSImagePicker
    - MBProgressHUD

SPEC CHECKSUMS:
  BSImagePicker: 86f28e0f63b78d35fec7c6f0174b7af9e6f1431e
  MBProgressHUD: 3ee5efcc380f6a79a7cc9b363dd669c5e1ae7406

PODFILE CHECKSUM: 0f9a1d66b941724063c6ea2deaf9d519fc2a537e

COCOAPODS: 1.8.4
