// !$*UTF8*$!
{
	archiveVersion = 1;
	classes = {
	};
	objectVersion = 50;
	objects = {

/* Begin PBXBuildFile section */
		900905C024017DF2006AD5A0 /* test1.mp4 in Resources */ = {isa = PBXBuildFile; fileRef = 900905BF24017D2D006AD5A0 /* test1.mp4 */; };
		900905C12402485F006AD5A0 /* SoundWave.framework in Frameworks */ = {isa = PBXBuildFile; fileRef = 902AF1A2240115C50036CB1A /* SoundWave.framework */; };
		900905C22402485F006AD5A0 /* SoundWave.framework in Embed Frameworks */ = {isa = PBXBuildFile; fileRef = 902AF1A2240115C50036CB1A /* SoundWave.framework */; settings = {ATTRIBUTES = (CodeSignOnCopy, RemoveHeadersOnCopy, ); }; };
		900905C724029D0D006AD5A0 /* VolumeSlider.swift in Sources */ = {isa = PBXBuildFile; fileRef = 900905C624029D0D006AD5A0 /* VolumeSlider.swift */; };
		9085E4DD24014CA300525479 /* TestViewController.swift in Sources */ = {isa = PBXBuildFile; fileRef = 9085E4DC24014CA300525479 /* TestViewController.swift */; };
		9085E4DF24015A1B00525479 /* PlayerState.swift in Sources */ = {isa = PBXBuildFile; fileRef = 9085E4DE24015A1B00525479 /* PlayerState.swift */; };
		90B20A7C23FD08EB00653F0C /* AppDelegate.swift in Sources */ = {isa = PBXBuildFile; fileRef = 90B20A7B23FD08EB00653F0C /* AppDelegate.swift */; };
		90B20A7E23FD08EB00653F0C /* SceneDelegate.swift in Sources */ = {isa = PBXBuildFile; fileRef = 90B20A7D23FD08EB00653F0C /* SceneDelegate.swift */; };
		90B20A8023FD08EB00653F0C /* MainViewController.swift in Sources */ = {isa = PBXBuildFile; fileRef = 90B20A7F23FD08EB00653F0C /* MainViewController.swift */; };
		90B20A8323FD08EB00653F0C /* Main.storyboard in Resources */ = {isa = PBXBuildFile; fileRef = 90B20A8123FD08EB00653F0C /* Main.storyboard */; };
		90B20A8523FD08EE00653F0C /* Assets.xcassets in Resources */ = {isa = PBXBuildFile; fileRef = 90B20A8423FD08EE00653F0C /* Assets.xcassets */; };
		90B20A8823FD08EE00653F0C /* LaunchScreen.storyboard in Resources */ = {isa = PBXBuildFile; fileRef = 90B20A8623FD08EE00653F0C /* LaunchScreen.storyboard */; };
		90B20A9023FD236200653F0C /* VideoManager.swift in Sources */ = {isa = PBXBuildFile; fileRef = 90B20A8F23FD236200653F0C /* VideoManager.swift */; };
		90B20A9523FD23D400653F0C /* Video.swift in Sources */ = {isa = PBXBuildFile; fileRef = 90B20A9423FD23D400653F0C /* Video.swift */; };
		90B20A9723FD261500653F0C /* AddVideoCollectionViewCell.swift in Sources */ = {isa = PBXBuildFile; fileRef = 90B20A9623FD261500653F0C /* AddVideoCollectionViewCell.swift */; };
		90B20A9A23FD339600653F0C /* VideoPreviewCollectionViewCell.swift in Sources */ = {isa = PBXBuildFile; fileRef = 90B20A9923FD339600653F0C /* VideoPreviewCollectionViewCell.swift */; };
		90E471C823FD527E00028D96 /* LeftAlignLayout.swift in Sources */ = {isa = PBXBuildFile; fileRef = 90E471C723FD527E00028D96 /* LeftAlignLayout.swift */; };
		90FF3C3F23FD622A006AEFC7 /* AudioManager.swift in Sources */ = {isa = PBXBuildFile; fileRef = 90FF3C3E23FD622A006AEFC7 /* AudioManager.swift */; };
		90FF3C4123FD624E006AEFC7 /* Audio.swift in Sources */ = {isa = PBXBuildFile; fileRef = 90FF3C4023FD624E006AEFC7 /* Audio.swift */; };
		90FF3C4923FDC668006AEFC7 /* SettingsTableViewController.swift in Sources */ = {isa = PBXBuildFile; fileRef = 90FF3C4823FDC668006AEFC7 /* SettingsTableViewController.swift */; };
		90FF3C4B23FE7314006AEFC7 /* VideoType.swift in Sources */ = {isa = PBXBuildFile; fileRef = 90FF3C4A23FE7314006AEFC7 /* VideoType.swift */; };
		90FF3C4D23FE78A7006AEFC7 /* AudioType.swift in Sources */ = {isa = PBXBuildFile; fileRef = 90FF3C4C23FE78A7006AEFC7 /* AudioType.swift */; };
		90FF3C5123FE7B02006AEFC7 /* Configuration.swift in Sources */ = {isa = PBXBuildFile; fileRef = 90FF3C5023FE7B02006AEFC7 /* Configuration.swift */; };
		90FF3C5323FE8310006AEFC7 /* ExtractAudioViewController.swift in Sources */ = {isa = PBXBuildFile; fileRef = 90FF3C5223FE8310006AEFC7 /* ExtractAudioViewController.swift */; };
		90FF3C5523FEAA92006AEFC7 /* AudioPreviewTableViewCell.swift in Sources */ = {isa = PBXBuildFile; fileRef = 90FF3C5423FEAA92006AEFC7 /* AudioPreviewTableViewCell.swift */; };
/* End PBXBuildFile section */

/* Begin PBXCopyFilesBuildPhase section */
		900905C32402485F006AD5A0 /* Embed Frameworks */ = {
			isa = PBXCopyFilesBuildPhase;
			buildActionMask = 2147483647;
			dstPath = "";
			dstSubfolderSpec = 10;
			files = (
				900905C22402485F006AD5A0 /* SoundWave.framework in Embed Frameworks */,
			);
			name = "Embed Frameworks";
			runOnlyForDeploymentPostprocessing = 0;
		};
/* End PBXCopyFilesBuildPhase section */

/* Begin PBXFileReference section */
		900905BF24017D2D006AD5A0 /* test1.mp4 */ = {isa = PBXFileReference; lastKnownFileType = file; path = test1.mp4; sourceTree = "<group>"; };
		900905C624029D0D006AD5A0 /* VolumeSlider.swift */ = {isa = PBXFileReference; lastKnownFileType = sourcecode.swift; path = VolumeSlider.swift; sourceTree = "<group>"; };
		902AF1A2240115C50036CB1A /* SoundWave.framework */ = {isa = PBXFileReference; lastKnownFileType = wrapper.framework; name = SoundWave.framework; path = Carthage/Build/iOS/SoundWave.framework; sourceTree = "<group>"; };
		9085E4DC24014CA300525479 /* TestViewController.swift */ = {isa = PBXFileReference; lastKnownFileType = sourcecode.swift; path = TestViewController.swift; sourceTree = "<group>"; };
		9085E4DE24015A1B00525479 /* PlayerState.swift */ = {isa = PBXFileReference; lastKnownFileType = sourcecode.swift; path = PlayerState.swift; sourceTree = "<group>"; };
		90B20A7823FD08EB00653F0C /* MP3 Converter.app */ = {isa = PBXFileReference; explicitFileType = wrapper.application; includeInIndex = 0; path = "MP3 Converter.app"; sourceTree = BUILT_PRODUCTS_DIR; };
		90B20A7B23FD08EB00653F0C /* AppDelegate.swift */ = {isa = PBXFileReference; lastKnownFileType = sourcecode.swift; path = AppDelegate.swift; sourceTree = "<group>"; };
		90B20A7D23FD08EB00653F0C /* SceneDelegate.swift */ = {isa = PBXFileReference; lastKnownFileType = sourcecode.swift; path = SceneDelegate.swift; sourceTree = "<group>"; };
		90B20A7F23FD08EB00653F0C /* MainViewController.swift */ = {isa = PBXFileReference; lastKnownFileType = sourcecode.swift; path = MainViewController.swift; sourceTree = "<group>"; };
		90B20A8223FD08EB00653F0C /* Base */ = {isa = PBXFileReference; lastKnownFileType = file.storyboard; name = Base; path = Base.lproj/Main.storyboard; sourceTree = "<group>"; };
		90B20A8423FD08EE00653F0C /* Assets.xcassets */ = {isa = PBXFileReference; lastKnownFileType = folder.assetcatalog; path = Assets.xcassets; sourceTree = "<group>"; };
		90B20A8723FD08EE00653F0C /* Base */ = {isa = PBXFileReference; lastKnownFileType = file.storyboard; name = Base; path = Base.lproj/LaunchScreen.storyboard; sourceTree = "<group>"; };
		90B20A8923FD08EE00653F0C /* Info.plist */ = {isa = PBXFileReference; lastKnownFileType = text.plist.xml; path = Info.plist; sourceTree = "<group>"; };
		90B20A8F23FD236200653F0C /* VideoManager.swift */ = {isa = PBXFileReference; lastKnownFileType = sourcecode.swift; path = VideoManager.swift; sourceTree = "<group>"; };
		90B20A9423FD23D400653F0C /* Video.swift */ = {isa = PBXFileReference; lastKnownFileType = sourcecode.swift; path = Video.swift; sourceTree = "<group>"; };
		90B20A9623FD261500653F0C /* AddVideoCollectionViewCell.swift */ = {isa = PBXFileReference; lastKnownFileType = sourcecode.swift; path = AddVideoCollectionViewCell.swift; sourceTree = "<group>"; };
		90B20A9923FD339600653F0C /* VideoPreviewCollectionViewCell.swift */ = {isa = PBXFileReference; lastKnownFileType = sourcecode.swift; path = VideoPreviewCollectionViewCell.swift; sourceTree = "<group>"; };
		90E471C723FD527E00028D96 /* LeftAlignLayout.swift */ = {isa = PBXFileReference; lastKnownFileType = sourcecode.swift; path = LeftAlignLayout.swift; sourceTree = "<group>"; };
		90FF3C3E23FD622A006AEFC7 /* AudioManager.swift */ = {isa = PBXFileReference; lastKnownFileType = sourcecode.swift; name = AudioManager.swift; path = "MP3 Converter/Model/Audio/AudioManager.swift"; sourceTree = SOURCE_ROOT; };
		90FF3C4023FD624E006AEFC7 /* Audio.swift */ = {isa = PBXFileReference; lastKnownFileType = sourcecode.swift; path = Audio.swift; sourceTree = "<group>"; };
		90FF3C4823FDC668006AEFC7 /* SettingsTableViewController.swift */ = {isa = PBXFileReference; lastKnownFileType = sourcecode.swift; path = SettingsTableViewController.swift; sourceTree = "<group>"; };
		90FF3C4A23FE7314006AEFC7 /* VideoType.swift */ = {isa = PBXFileReference; lastKnownFileType = sourcecode.swift; path = VideoType.swift; sourceTree = "<group>"; };
		90FF3C4C23FE78A7006AEFC7 /* AudioType.swift */ = {isa = PBXFileReference; lastKnownFileType = sourcecode.swift; path = AudioType.swift; sourceTree = "<group>"; };
		90FF3C5023FE7B02006AEFC7 /* Configuration.swift */ = {isa = PBXFileReference; lastKnownFileType = sourcecode.swift; path = Configuration.swift; sourceTree = "<group>"; };
		90FF3C5223FE8310006AEFC7 /* ExtractAudioViewController.swift */ = {isa = PBXFileReference; lastKnownFileType = sourcecode.swift; path = ExtractAudioViewController.swift; sourceTree = "<group>"; };
		90FF3C5423FEAA92006AEFC7 /* AudioPreviewTableViewCell.swift */ = {isa = PBXFileReference; lastKnownFileType = sourcecode.swift; path = AudioPreviewTableViewCell.swift; sourceTree = "<group>"; };
/* End PBXFileReference section */

/* Begin PBXFrameworksBuildPhase section */
		90B20A7523FD08EB00653F0C /* Frameworks */ = {
			isa = PBXFrameworksBuildPhase;
			buildActionMask = 2147483647;
			files = (
				900905C12402485F006AD5A0 /* SoundWave.framework in Frameworks */,
			);
			runOnlyForDeploymentPostprocessing = 0;
		};
/* End PBXFrameworksBuildPhase section */

/* Begin PBXGroup section */
		900905C824029F6E006AD5A0 /* Slider */ = {
			isa = PBXGroup;
			children = (
				900905C624029D0D006AD5A0 /* VolumeSlider.swift */,
			);
			path = Slider;
			sourceTree = "<group>";
		};
		902AF1A1240115C40036CB1A /* Frameworks */ = {
			isa = PBXGroup;
			children = (
				902AF1A2240115C50036CB1A /* SoundWave.framework */,
			);
			name = Frameworks;
			sourceTree = "<group>";
		};
		903C035B24016195000D430B /* Player */ = {
			isa = PBXGroup;
			children = (
				9085E4DE24015A1B00525479 /* PlayerState.swift */,
			);
			path = Player;
			sourceTree = "<group>";
		};
		90B20A6F23FD08EB00653F0C = {
			isa = PBXGroup;
			children = (
				90B20A7A23FD08EB00653F0C /* MP3 Converter */,
				90B20A7923FD08EB00653F0C /* Products */,
				902AF1A1240115C40036CB1A /* Frameworks */,
			);
			sourceTree = "<group>";
		};
		90B20A7923FD08EB00653F0C /* Products */ = {
			isa = PBXGroup;
			children = (
				90B20A7823FD08EB00653F0C /* MP3 Converter.app */,
			);
			name = Products;
			sourceTree = "<group>";
		};
		90B20A7A23FD08EB00653F0C /* MP3 Converter */ = {
			isa = PBXGroup;
			children = (
				90B20A7B23FD08EB00653F0C /* AppDelegate.swift */,
				90B20A7D23FD08EB00653F0C /* SceneDelegate.swift */,
				90B20A9123FD236900653F0C /* Model */,
				90B20A9323FD237800653F0C /* View */,
				90B20A9223FD237000653F0C /* Controller */,
				90B20A8423FD08EE00653F0C /* Assets.xcassets */,
				900905BF24017D2D006AD5A0 /* test1.mp4 */,
				90B20A8623FD08EE00653F0C /* LaunchScreen.storyboard */,
				90B20A8923FD08EE00653F0C /* Info.plist */,
			);
			path = "MP3 Converter";
			sourceTree = "<group>";
		};
		90B20A9123FD236900653F0C /* Model */ = {
			isa = PBXGroup;
			children = (
				90FF3C4F23FE7A12006AEFC7 /* Audio */,
				903C035B24016195000D430B /* Player */,
				90FF3C4E23FE79FE006AEFC7 /* Video */,
				90FF3C5023FE7B02006AEFC7 /* Configuration.swift */,
			);
			path = Model;
			sourceTree = "<group>";
		};
		90B20A9223FD237000653F0C /* Controller */ = {
			isa = PBXGroup;
			children = (
				90FF3C5223FE8310006AEFC7 /* ExtractAudioViewController.swift */,
				90B20A7F23FD08EB00653F0C /* MainViewController.swift */,
				90FF3C4823FDC668006AEFC7 /* SettingsTableViewController.swift */,
				9085E4DC24014CA300525479 /* TestViewController.swift */,
			);
			path = Controller;
			sourceTree = "<group>";
		};
		90B20A9323FD237800653F0C /* View */ = {
			isa = PBXGroup;
			children = (
				90B20A8123FD08EB00653F0C /* Main.storyboard */,
				90FF3C3D23FD5687006AEFC7 /* Layout */,
				90B20A9823FD320800653F0C /* Cell */,
				900905C824029F6E006AD5A0 /* Slider */,
			);
			path = View;
			sourceTree = "<group>";
		};
		90B20A9823FD320800653F0C /* Cell */ = {
			isa = PBXGroup;
			children = (
				90FF3C5423FEAA92006AEFC7 /* AudioPreviewTableViewCell.swift */,
				90B20A9623FD261500653F0C /* AddVideoCollectionViewCell.swift */,
				90B20A9923FD339600653F0C /* VideoPreviewCollectionViewCell.swift */,
			);
			path = Cell;
			sourceTree = "<group>";
		};
		90FF3C3D23FD5687006AEFC7 /* Layout */ = {
			isa = PBXGroup;
			children = (
				90E471C723FD527E00028D96 /* LeftAlignLayout.swift */,
			);
			path = Layout;
			sourceTree = "<group>";
		};
		90FF3C4E23FE79FE006AEFC7 /* Video */ = {
			isa = PBXGroup;
			children = (
				90B20A8F23FD236200653F0C /* VideoManager.swift */,
				90B20A9423FD23D400653F0C /* Video.swift */,
				90FF3C4A23FE7314006AEFC7 /* VideoType.swift */,
			);
			path = Video;
			sourceTree = "<group>";
		};
		90FF3C4F23FE7A12006AEFC7 /* Audio */ = {
			isa = PBXGroup;
			children = (
				90FF3C3E23FD622A006AEFC7 /* AudioManager.swift */,
				90FF3C4023FD624E006AEFC7 /* Audio.swift */,
				90FF3C4C23FE78A7006AEFC7 /* AudioType.swift */,
			);
			path = Audio;
			sourceTree = "<group>";
		};
/* End PBXGroup section */

/* Begin PBXNativeTarget section */
		90B20A7723FD08EB00653F0C /* MP3 Converter */ = {
			isa = PBXNativeTarget;
			buildConfigurationList = 90B20A8C23FD08EE00653F0C /* Build configuration list for PBXNativeTarget "MP3 Converter" */;
			buildPhases = (
				90B20A7423FD08EB00653F0C /* Sources */,
				90B20A7523FD08EB00653F0C /* Frameworks */,
				90B20A7623FD08EB00653F0C /* Resources */,
				902AF1A6240115F10036CB1A /* Run Script */,
				900905C32402485F006AD5A0 /* Embed Frameworks */,
			);
			buildRules = (
			);
			dependencies = (
			);
			name = "MP3 Converter";
			productName = "MP3 Converter";
			productReference = 90B20A7823FD08EB00653F0C /* MP3 Converter.app */;
			productType = "com.apple.product-type.application";
		};
/* End PBXNativeTarget section */

/* Begin PBXProject section */
		90B20A7023FD08EB00653F0C /* Project object */ = {
			isa = PBXProject;
			attributes = {
				LastSwiftUpdateCheck = 1130;
				LastUpgradeCheck = 1130;
				ORGANIZATIONNAME = "Xinyi Shen";
				TargetAttributes = {
					90B20A7723FD08EB00653F0C = {
						CreatedOnToolsVersion = 11.3.1;
					};
				};
			};
			buildConfigurationList = 90B20A7323FD08EB00653F0C /* Build configuration list for PBXProject "MP3 Converter" */;
			compatibilityVersion = "Xcode 9.3";
			developmentRegion = en;
			hasScannedForEncodings = 0;
			knownRegions = (
				en,
				Base,
			);
			mainGroup = 90B20A6F23FD08EB00653F0C;
			productRefGroup = 90B20A7923FD08EB00653F0C /* Products */;
			projectDirPath = "";
			projectRoot = "";
			targets = (
				90B20A7723FD08EB00653F0C /* MP3 Converter */,
			);
		};
/* End PBXProject section */

/* Begin PBXResourcesBuildPhase section */
		90B20A7623FD08EB00653F0C /* Resources */ = {
			isa = PBXResourcesBuildPhase;
			buildActionMask = 2147483647;
			files = (
				90B20A8823FD08EE00653F0C /* LaunchScreen.storyboard in Resources */,
				900905C024017DF2006AD5A0 /* test1.mp4 in Resources */,
				90B20A8523FD08EE00653F0C /* Assets.xcassets in Resources */,
				90B20A8323FD08EB00653F0C /* Main.storyboard in Resources */,
			);
			runOnlyForDeploymentPostprocessing = 0;
		};
/* End PBXResourcesBuildPhase section */

/* Begin PBXShellScriptBuildPhase section */
		902AF1A6240115F10036CB1A /* Run Script */ = {
			isa = PBXShellScriptBuildPhase;
			buildActionMask = 2147483647;
			files = (
			);
			inputFileListPaths = (
			);
			inputPaths = (
				"$(SRCROOT)/Carthage/Build/iOS/SoundWave.framework",
			);
			name = "Run Script";
			outputFileListPaths = (
			);
			outputPaths = (
			);
			runOnlyForDeploymentPostprocessing = 0;
			shellPath = /bin/sh;
			shellScript = "/usr/local/bin/carthage copy-frameworks\n";
		};
/* End PBXShellScriptBuildPhase section */

/* Begin PBXSourcesBuildPhase section */
		90B20A7423FD08EB00653F0C /* Sources */ = {
			isa = PBXSourcesBuildPhase;
			buildActionMask = 2147483647;
			files = (
				900905C724029D0D006AD5A0 /* VolumeSlider.swift in Sources */,
				90B20A9723FD261500653F0C /* AddVideoCollectionViewCell.swift in Sources */,
				90FF3C5523FEAA92006AEFC7 /* AudioPreviewTableViewCell.swift in Sources */,
				9085E4DD24014CA300525479 /* TestViewController.swift in Sources */,
				90B20A9A23FD339600653F0C /* VideoPreviewCollectionViewCell.swift in Sources */,
				90FF3C5123FE7B02006AEFC7 /* Configuration.swift in Sources */,
				90FF3C5323FE8310006AEFC7 /* ExtractAudioViewController.swift in Sources */,
				90B20A8023FD08EB00653F0C /* MainViewController.swift in Sources */,
				90FF3C4923FDC668006AEFC7 /* SettingsTableViewController.swift in Sources */,
				90B20A7C23FD08EB00653F0C /* AppDelegate.swift in Sources */,
				90FF3C4123FD624E006AEFC7 /* Audio.swift in Sources */,
				9085E4DF24015A1B00525479 /* PlayerState.swift in Sources */,
				90E471C823FD527E00028D96 /* LeftAlignLayout.swift in Sources */,
				90FF3C4B23FE7314006AEFC7 /* VideoType.swift in Sources */,
				90FF3C4D23FE78A7006AEFC7 /* AudioType.swift in Sources */,
				90B20A7E23FD08EB00653F0C /* SceneDelegate.swift in Sources */,
				90FF3C3F23FD622A006AEFC7 /* AudioManager.swift in Sources */,
				90B20A9023FD236200653F0C /* VideoManager.swift in Sources */,
				90B20A9523FD23D400653F0C /* Video.swift in Sources */,
			);
			runOnlyForDeploymentPostprocessing = 0;
		};
/* End PBXSourcesBuildPhase section */

/* Begin PBXVariantGroup section */
		90B20A8123FD08EB00653F0C /* Main.storyboard */ = {
			isa = PBXVariantGroup;
			children = (
				90B20A8223FD08EB00653F0C /* Base */,
			);
			name = Main.storyboard;
			sourceTree = "<group>";
		};
		90B20A8623FD08EE00653F0C /* LaunchScreen.storyboard */ = {
			isa = PBXVariantGroup;
			children = (
				90B20A8723FD08EE00653F0C /* Base */,
			);
			name = LaunchScreen.storyboard;
			sourceTree = "<group>";
		};
/* End PBXVariantGroup section */

/* Begin XCBuildConfiguration section */
		90B20A8A23FD08EE00653F0C /* Debug */ = {
			isa = XCBuildConfiguration;
			buildSettings = {
				ALWAYS_SEARCH_USER_PATHS = NO;
				CLANG_ANALYZER_NONNULL = YES;
				CLANG_ANALYZER_NUMBER_OBJECT_CONVERSION = YES_AGGRESSIVE;
				CLANG_CXX_LANGUAGE_STANDARD = "gnu++14";
				CLANG_CXX_LIBRARY = "libc++";
				CLANG_ENABLE_MODULES = YES;
				CLANG_ENABLE_OBJC_ARC = YES;
				CLANG_ENABLE_OBJC_WEAK = YES;
				CLANG_WARN_BLOCK_CAPTURE_AUTORELEASING = YES;
				CLANG_WARN_BOOL_CONVERSION = YES;
				CLANG_WARN_COMMA = YES;
				CLANG_WARN_CONSTANT_CONVERSION = YES;
				CLANG_WARN_DEPRECATED_OBJC_IMPLEMENTATIONS = YES;
				CLANG_WARN_DIRECT_OBJC_ISA_USAGE = YES_ERROR;
				CLANG_WARN_DOCUMENTATION_COMMENTS = YES;
				CLANG_WARN_EMPTY_BODY = YES;
				CLANG_WARN_ENUM_CONVERSION = YES;
				CLANG_WARN_INFINITE_RECURSION = YES;
				CLANG_WARN_INT_CONVERSION = YES;
				CLANG_WARN_NON_LITERAL_NULL_CONVERSION = YES;
				CLANG_WARN_OBJC_IMPLICIT_RETAIN_SELF = YES;
				CLANG_WARN_OBJC_LITERAL_CONVERSION = YES;
				CLANG_WARN_OBJC_ROOT_CLASS = YES_ERROR;
				CLANG_WARN_RANGE_LOOP_ANALYSIS = YES;
				CLANG_WARN_STRICT_PROTOTYPES = YES;
				CLANG_WARN_SUSPICIOUS_MOVE = YES;
				CLANG_WARN_UNGUARDED_AVAILABILITY = YES_AGGRESSIVE;
				CLANG_WARN_UNREACHABLE_CODE = YES;
				CLANG_WARN__DUPLICATE_METHOD_MATCH = YES;
				COPY_PHASE_STRIP = NO;
				DEBUG_INFORMATION_FORMAT = dwarf;
				ENABLE_STRICT_OBJC_MSGSEND = YES;
				ENABLE_TESTABILITY = YES;
				GCC_C_LANGUAGE_STANDARD = gnu11;
				GCC_DYNAMIC_NO_PIC = NO;
				GCC_NO_COMMON_BLOCKS = YES;
				GCC_OPTIMIZATION_LEVEL = 0;
				GCC_PREPROCESSOR_DEFINITIONS = (
					"DEBUG=1",
					"$(inherited)",
				);
				GCC_WARN_64_TO_32_BIT_CONVERSION = YES;
				GCC_WARN_ABOUT_RETURN_TYPE = YES_ERROR;
				GCC_WARN_UNDECLARED_SELECTOR = YES;
				GCC_WARN_UNINITIALIZED_AUTOS = YES_AGGRESSIVE;
				GCC_WARN_UNUSED_FUNCTION = YES;
				GCC_WARN_UNUSED_VARIABLE = YES;
				IPHONEOS_DEPLOYMENT_TARGET = 13.2;
				MTL_ENABLE_DEBUG_INFO = INCLUDE_SOURCE;
				MTL_FAST_MATH = YES;
				ONLY_ACTIVE_ARCH = YES;
				SDKROOT = iphoneos;
				SWIFT_ACTIVE_COMPILATION_CONDITIONS = DEBUG;
				SWIFT_OPTIMIZATION_LEVEL = "-Onone";
			};
			name = Debug;
		};
		90B20A8B23FD08EE00653F0C /* Release */ = {
			isa = XCBuildConfiguration;
			buildSettings = {
				ALWAYS_SEARCH_USER_PATHS = NO;
				CLANG_ANALYZER_NONNULL = YES;
				CLANG_ANALYZER_NUMBER_OBJECT_CONVERSION = YES_AGGRESSIVE;
				CLANG_CXX_LANGUAGE_STANDARD = "gnu++14";
				CLANG_CXX_LIBRARY = "libc++";
				CLANG_ENABLE_MODULES = YES;
				CLANG_ENABLE_OBJC_ARC = YES;
				CLANG_ENABLE_OBJC_WEAK = YES;
				CLANG_WARN_BLOCK_CAPTURE_AUTORELEASING = YES;
				CLANG_WARN_BOOL_CONVERSION = YES;
				CLANG_WARN_COMMA = YES;
				CLANG_WARN_CONSTANT_CONVERSION = YES;
				CLANG_WARN_DEPRECATED_OBJC_IMPLEMENTATIONS = YES;
				CLANG_WARN_DIRECT_OBJC_ISA_USAGE = YES_ERROR;
				CLANG_WARN_DOCUMENTATION_COMMENTS = YES;
				CLANG_WARN_EMPTY_BODY = YES;
				CLANG_WARN_ENUM_CONVERSION = YES;
				CLANG_WARN_INFINITE_RECURSION = YES;
				CLANG_WARN_INT_CONVERSION = YES;
				CLANG_WARN_NON_LITERAL_NULL_CONVERSION = YES;
				CLANG_WARN_OBJC_IMPLICIT_RETAIN_SELF = YES;
				CLANG_WARN_OBJC_LITERAL_CONVERSION = YES;
				CLANG_WARN_OBJC_ROOT_CLASS = YES_ERROR;
				CLANG_WARN_RANGE_LOOP_ANALYSIS = YES;
				CLANG_WARN_STRICT_PROTOTYPES = YES;
				CLANG_WARN_SUSPICIOUS_MOVE = YES;
				CLANG_WARN_UNGUARDED_AVAILABILITY = YES_AGGRESSIVE;
				CLANG_WARN_UNREACHABLE_CODE = YES;
				CLANG_WARN__DUPLICATE_METHOD_MATCH = YES;
				COPY_PHASE_STRIP = NO;
				DEBUG_INFORMATION_FORMAT = "dwarf-with-dsym";
				ENABLE_NS_ASSERTIONS = NO;
				ENABLE_STRICT_OBJC_MSGSEND = YES;
				GCC_C_LANGUAGE_STANDARD = gnu11;
				GCC_NO_COMMON_BLOCKS = YES;
				GCC_WARN_64_TO_32_BIT_CONVERSION = YES;
				GCC_WARN_ABOUT_RETURN_TYPE = YES_ERROR;
				GCC_WARN_UNDECLARED_SELECTOR = YES;
				GCC_WARN_UNINITIALIZED_AUTOS = YES_AGGRESSIVE;
				GCC_WARN_UNUSED_FUNCTION = YES;
				GCC_WARN_UNUSED_VARIABLE = YES;
				IPHONEOS_DEPLOYMENT_TARGET = 13.2;
				MTL_ENABLE_DEBUG_INFO = NO;
				MTL_FAST_MATH = YES;
				SDKROOT = iphoneos;
				SWIFT_COMPILATION_MODE = wholemodule;
				SWIFT_OPTIMIZATION_LEVEL = "-O";
				VALIDATE_PRODUCT = YES;
			};
			name = Release;
		};
		90B20A8D23FD08EE00653F0C /* Debug */ = {
			isa = XCBuildConfiguration;
			buildSettings = {
				ASSETCATALOG_COMPILER_APPICON_NAME = AppIcon;
				CODE_SIGN_STYLE = Automatic;
				FRAMEWORK_SEARCH_PATHS = (
					"$(inherited)",
					"$(PROJECT_DIR)/Carthage/Build/iOS",
				);
				INFOPLIST_FILE = "MP3 Converter/Info.plist";
				LD_RUNPATH_SEARCH_PATHS = (
					"$(inherited)",
					"@executable_path/Frameworks",
				);
				PRODUCT_BUNDLE_IDENTIFIER = "com.shenxinyi.MP3-Converter";
				PRODUCT_NAME = "$(TARGET_NAME)";
				SWIFT_VERSION = 5.0;
				TARGETED_DEVICE_FAMILY = 1;
			};
			name = Debug;
		};
		90B20A8E23FD08EE00653F0C /* Release */ = {
			isa = XCBuildConfiguration;
			buildSettings = {
				ASSETCATALOG_COMPILER_APPICON_NAME = AppIcon;
				CODE_SIGN_STYLE = Automatic;
				FRAMEWORK_SEARCH_PATHS = (
					"$(inherited)",
					"$(PROJECT_DIR)/Carthage/Build/iOS",
				);
				INFOPLIST_FILE = "MP3 Converter/Info.plist";
				LD_RUNPATH_SEARCH_PATHS = (
					"$(inherited)",
					"@executable_path/Frameworks",
				);
				PRODUCT_BUNDLE_IDENTIFIER = "com.shenxinyi.MP3-Converter";
				PRODUCT_NAME = "$(TARGET_NAME)";
				SWIFT_VERSION = 5.0;
				TARGETED_DEVICE_FAMILY = 1;
			};
			name = Release;
		};
/* End XCBuildConfiguration section */

/* Begin XCConfigurationList section */
		90B20A7323FD08EB00653F0C /* Build configuration list for PBXProject "MP3 Converter" */ = {
			isa = XCConfigurationList;
			buildConfigurations = (
				90B20A8A23FD08EE00653F0C /* Debug */,
				90B20A8B23FD08EE00653F0C /* Release */,
			);
			defaultConfigurationIsVisible = 0;
			defaultConfigurationName = Release;
		};
		90B20A8C23FD08EE00653F0C /* Build configuration list for PBXNativeTarget "MP3 Converter" */ = {
			isa = XCConfigurationList;
			buildConfigurations = (
				90B20A8D23FD08EE00653F0C /* Debug */,
				90B20A8E23FD08EE00653F0C /* Release */,
			);
			defaultConfigurationIsVisible = 0;
			defaultConfigurationName = Release;
		};
/* End XCConfigurationList section */
	};
	rootObject = 90B20A7023FD08EB00653F0C /* Project object */;
}
